
Microsoft Visual Studio Solution File, Format Version 12.00
# Visual Studio Version 16
VisualStudioVersion = 16.0.30626.31
MinimumVisualStudioVersion = 10.0.40219.1
Project("{FAE04EC0-301F-11D3-BF4B-00C04F79EFBC}") = "LyraBroker", "LyraBroker\LyraBroker.csproj", "{FEA45895-C0C5-47F2-A9AC-3812BC1BD1FE}"
EndProject
Project("{9092AA53-FB77-4645-B42D-1CCCA6BD08BD}") = "LyraJsWallet", "LyraJsWallet\LyraJsWallet.njsproj", "{B38E77B8-8274-4D6F-BFF6-50E7D2946694}"
EndProject
Global
	GlobalSection(SolutionConfigurationPlatforms) = preSolution
		Debug|Any CPU = Debug|Any CPU
		Release|Any CPU = Release|Any CPU
	EndGlobalSection
	GlobalSection(ProjectConfigurationPlatforms) = postSolution
		{FEA45895-C0C5-47F2-A9AC-3812BC1BD1FE}.Debug|Any CPU.ActiveCfg = Debug|Any CPU
		{FEA45895-C0C5-47F2-A9AC-3812BC1BD1FE}.Debug|Any CPU.Build.0 = Debug|Any CPU
		{FEA45895-C0C5-47F2-A9AC-3812BC1BD1FE}.Release|Any CPU.ActiveCfg = Release|Any CPU
		{FEA45895-C0C5-47F2-A9AC-3812BC1BD1FE}.Release|Any CPU.Build.0 = Release|Any CPU
		{B38E77B8-8274-4D6F-BFF6-50E7D2946694}.Debug|Any CPU.ActiveCfg = Debug|Any CPU
		{B38E77B8-8274-4D6F-BFF6-50E7D2946694}.Debug|Any CPU.Build.0 = Debug|Any CPU
		{B38E77B8-8274-4D6F-BFF6-50E7D2946694}.Release|Any CPU.ActiveCfg = Release|Any CPU
		{B38E77B8-8274-4D6F-BFF6-50E7D2946694}.Release|Any CPU.Build.0 = Release|Any CPU
	EndGlobalSection
	GlobalSection(SolutionProperties) = preSolution
		HideSolutionNode = FALSE
	EndGlobalSection
	GlobalSection(ExtensibilityGlobals) = postSolution
		SolutionGuid = {00415C28-8BB4-4D3F-827D-E4CDC30102CB}
	EndGlobalSection
EndGlobal
